
Microsoft Visual Studio Solution File, Format Version 11.00
# Visual Studio 2010
Project("{FAE04EC0-301F-11D3-BF4B-00C04F79EFBC}") = "Convolved.Hosting", "Convolved.Hosting\Convolved.Hosting.csproj", "{0C6380CB-D738-4065-BEF9-13D30D0993DE}"
EndProject
Project("{FAE04EC0-301F-11D3-BF4B-00C04F79EFBC}") = "Convolved.Hosting.Ninject", "Convolved.Hosting.Ninject\Convolved.Hosting.Ninject.csproj", "{04B44983-2D46-4DE4-9052-E61EDB892782}"
EndProject
Global
	GlobalSection(SolutionConfigurationPlatforms) = preSolution
		Debug|Any CPU = Debug|Any CPU
		Release|Any CPU = Release|Any CPU
	EndGlobalSection
	GlobalSection(ProjectConfigurationPlatforms) = postSolution
		{0C6380CB-D738-4065-BEF9-13D30D0993DE}.Debug|Any CPU.ActiveCfg = Debug|Any CPU
		{0C6380CB-D738-4065-BEF9-13D30D0993DE}.Debug|Any CPU.Build.0 = Debug|Any CPU
		{0C6380CB-D738-4065-BEF9-13D30D0993DE}.Release|Any CPU.ActiveCfg = Release|Any CPU
		{0C6380CB-D738-4065-BEF9-13D30D0993DE}.Release|Any CPU.Build.0 = Release|Any CPU
		{04B44983-2D46-4DE4-9052-E61EDB892782}.Debug|Any CPU.ActiveCfg = Debug|Any CPU
		{04B44983-2D46-4DE4-9052-E61EDB892782}.Debug|Any CPU.Build.0 = Debug|Any CPU
		{04B44983-2D46-4DE4-9052-E61EDB892782}.Release|Any CPU.ActiveCfg = Release|Any CPU
		{04B44983-2D46-4DE4-9052-E61EDB892782}.Release|Any CPU.Build.0 = Release|Any CPU
	EndGlobalSection
	GlobalSection(SolutionProperties) = preSolution
		HideSolutionNode = FALSE
	EndGlobalSection
EndGlobal
